
Microsoft Visual Studio Solution File, Format Version 12.00
# Visual Studio Version 17
VisualStudioVersion = 17.12.35527.113 d17.12
MinimumVisualStudioVersion = 10.0.40219.1
Project("{FAE04EC0-301F-11D3-BF4B-00C04F79EFBC}") = "Puzzles", "Puzzles\Puzzles.csproj", "{DCDF91FC-7FC8-46C0-9371-89B177C2C31C}"
EndProject
Project("{FAE04EC0-301F-11D3-BF4B-00C04F79EFBC}") = "Puzzle2_GenericsConversions", "Puzzle2_GenericsConversions\Puzzle2_GenericsConversions.csproj", "{09F8FC5C-8C7D-4415-88A9-4A22023AA1E9}"
EndProject
Project("{FAE04EC0-301F-11D3-BF4B-00C04F79EFBC}") = "Puzzle3_Generics_and_Specialization", "Puzzle3_Generics_and_Specialization\Puzzle3_Generics_and_Specialization.csproj", "{5D202EB2-843F-47F9-94E1-0AB2F73BB5EB}"
EndProject
Project("{FAE04EC0-301F-11D3-BF4B-00C04F79EFBC}") = "Puzzle4_Generics_and_Variance", "Puzzle4_Generics_and_Variance\Puzzle4_Generics_and_Variance.csproj", "{77BF4373-79F0-49C2-B5AA-6353700E76F3}"
EndProject
Project("{FAE04EC0-301F-11D3-BF4B-00C04F79EFBC}") = "Puzzle5_Generics_Constraints_and_Overloads", "Puzzle5_Generics_Constraints_and_Overloads\Puzzle5_Generics_Constraints_and_Overloads.csproj", "{4B6299DF-2DC8-4596-9195-3D18976DD1B9}"
EndProject
Project("{FAE04EC0-301F-11D3-BF4B-00C04F79EFBC}") = "Puzzle6_Overloading_Base_Class_Methods", "Puzzle6_Overloading_Base_Class_Methods\Puzzle6_Overloading_Base_Class_Methods.csproj", "{9EF7A497-E385-4A5A-8D72-CA46CC1854D4}"
EndProject
Project("{FAE04EC0-301F-11D3-BF4B-00C04F79EFBC}") = "Puzzle7_Overloading_Methods_and_null_Parameters", "Puzzle7_Overloading_Methods_and_null_Parameters\Puzzle7_Overloading_Methods_and_null_Parameters.csproj", "{38B2C716-16B0-4450-99A8-F51BE2141C86}"
EndProject
Project("{FAE04EC0-301F-11D3-BF4B-00C04F79EFBC}") = "Puzzle8_Overloading_Methods_and_null_Parameters_Revisited", "Puzzle8_Overloading_Methods_and_null_Parameters_Revisited\Puzzle8_Overloading_Methods_and_null_Parameters_Revisited.csproj", "{D2D7405D-0A23-4A4F-A4DB-559B4B5E2DA9}"
EndProject
Project("{FAE04EC0-301F-11D3-BF4B-00C04F79EFBC}") = "Puzzle9_Overloading_Methods_and_null_Parameters_and_Generics", "Puzzle9_Overloading_Methods_and_null_Parameters_and_Generics\Puzzle9_Overloading_Methods_and_null_Parameters_and_Generics.csproj", "{200FD3B5-9385-4CEE-8002-4BC3BB08C99A}"
EndProject
Project("{FAE04EC0-301F-11D3-BF4B-00C04F79EFBC}") = "Puzzle10_Optional_Parameters_and_Constructors", "Puzzle10_Optional_Parameters_and_Constructors\Puzzle10_Optional_Parameters_and_Constructors.csproj", "{A1975701-8CC7-41F7-AFE1-0FB4777EB38A}"
EndProject
Project("{FAE04EC0-301F-11D3-BF4B-00C04F79EFBC}") = "Puzzle11_Default_Parameters_and_Overrides", "Puzzle11_Default_Parameters_and_Overrides\Puzzle11_Default_Parameters_and_Overrides.csproj", "{6A63672E-632D-4FD6-A550-8C5CA93C2930}"
EndProject
Project("{FAE04EC0-301F-11D3-BF4B-00C04F79EFBC}") = "Puzzle12_Evaluation_of_Named_Parameters", "Puzzle12_Evaluation_of_Named_Parameters\Puzzle12_Evaluation_of_Named_Parameters.csproj", "{249BDC14-B3AA-4527-9DD2-8F79C97517D2}"
EndProject
Project("{FAE04EC0-301F-11D3-BF4B-00C04F79EFBC}") = "Puzzle13_Bound_Variables", "Puzzle13_Bound_Variables\Puzzle13_Bound_Variables.csproj", "{E9CA2259-576A-4661-8F0E-B31433678841}"
EndProject
Global
	GlobalSection(SolutionConfigurationPlatforms) = preSolution
		Debug|Any CPU = Debug|Any CPU
		Release|Any CPU = Release|Any CPU
	EndGlobalSection
	GlobalSection(ProjectConfigurationPlatforms) = postSolution
		{DCDF91FC-7FC8-46C0-9371-89B177C2C31C}.Debug|Any CPU.ActiveCfg = Debug|Any CPU
		{DCDF91FC-7FC8-46C0-9371-89B177C2C31C}.Debug|Any CPU.Build.0 = Debug|Any CPU
		{DCDF91FC-7FC8-46C0-9371-89B177C2C31C}.Release|Any CPU.ActiveCfg = Release|Any CPU
		{DCDF91FC-7FC8-46C0-9371-89B177C2C31C}.Release|Any CPU.Build.0 = Release|Any CPU
		{09F8FC5C-8C7D-4415-88A9-4A22023AA1E9}.Debug|Any CPU.ActiveCfg = Debug|Any CPU
		{09F8FC5C-8C7D-4415-88A9-4A22023AA1E9}.Debug|Any CPU.Build.0 = Debug|Any CPU
		{09F8FC5C-8C7D-4415-88A9-4A22023AA1E9}.Release|Any CPU.ActiveCfg = Release|Any CPU
		{09F8FC5C-8C7D-4415-88A9-4A22023AA1E9}.Release|Any CPU.Build.0 = Release|Any CPU
		{5D202EB2-843F-47F9-94E1-0AB2F73BB5EB}.Debug|Any CPU.ActiveCfg = Debug|Any CPU
		{5D202EB2-843F-47F9-94E1-0AB2F73BB5EB}.Debug|Any CPU.Build.0 = Debug|Any CPU
		{5D202EB2-843F-47F9-94E1-0AB2F73BB5EB}.Release|Any CPU.ActiveCfg = Release|Any CPU
		{5D202EB2-843F-47F9-94E1-0AB2F73BB5EB}.Release|Any CPU.Build.0 = Release|Any CPU
		{77BF4373-79F0-49C2-B5AA-6353700E76F3}.Debug|Any CPU.ActiveCfg = Debug|Any CPU
		{77BF4373-79F0-49C2-B5AA-6353700E76F3}.Debug|Any CPU.Build.0 = Debug|Any CPU
		{77BF4373-79F0-49C2-B5AA-6353700E76F3}.Release|Any CPU.ActiveCfg = Release|Any CPU
		{77BF4373-79F0-49C2-B5AA-6353700E76F3}.Release|Any CPU.Build.0 = Release|Any CPU
		{4B6299DF-2DC8-4596-9195-3D18976DD1B9}.Debug|Any CPU.ActiveCfg = Debug|Any CPU
		{4B6299DF-2DC8-4596-9195-3D18976DD1B9}.Debug|Any CPU.Build.0 = Debug|Any CPU
		{4B6299DF-2DC8-4596-9195-3D18976DD1B9}.Release|Any CPU.ActiveCfg = Release|Any CPU
		{4B6299DF-2DC8-4596-9195-3D18976DD1B9}.Release|Any CPU.Build.0 = Release|Any CPU
		{9EF7A497-E385-4A5A-8D72-CA46CC1854D4}.Debug|Any CPU.ActiveCfg = Debug|Any CPU
		{9EF7A497-E385-4A5A-8D72-CA46CC1854D4}.Debug|Any CPU.Build.0 = Debug|Any CPU
		{9EF7A497-E385-4A5A-8D72-CA46CC1854D4}.Release|Any CPU.ActiveCfg = Release|Any CPU
		{9EF7A497-E385-4A5A-8D72-CA46CC1854D4}.Release|Any CPU.Build.0 = Release|Any CPU
		{38B2C716-16B0-4450-99A8-F51BE2141C86}.Debug|Any CPU.ActiveCfg = Debug|Any CPU
		{38B2C716-16B0-4450-99A8-F51BE2141C86}.Debug|Any CPU.Build.0 = Debug|Any CPU
		{38B2C716-16B0-4450-99A8-F51BE2141C86}.Release|Any CPU.ActiveCfg = Release|Any CPU
		{38B2C716-16B0-4450-99A8-F51BE2141C86}.Release|Any CPU.Build.0 = Release|Any CPU
		{D2D7405D-0A23-4A4F-A4DB-559B4B5E2DA9}.Debug|Any CPU.ActiveCfg = Debug|Any CPU
		{D2D7405D-0A23-4A4F-A4DB-559B4B5E2DA9}.Debug|Any CPU.Build.0 = Debug|Any CPU
		{D2D7405D-0A23-4A4F-A4DB-559B4B5E2DA9}.Release|Any CPU.ActiveCfg = Release|Any CPU
		{D2D7405D-0A23-4A4F-A4DB-559B4B5E2DA9}.Release|Any CPU.Build.0 = Release|Any CPU
		{200FD3B5-9385-4CEE-8002-4BC3BB08C99A}.Debug|Any CPU.ActiveCfg = Debug|Any CPU
		{200FD3B5-9385-4CEE-8002-4BC3BB08C99A}.Debug|Any CPU.Build.0 = Debug|Any CPU
		{200FD3B5-9385-4CEE-8002-4BC3BB08C99A}.Release|Any CPU.ActiveCfg = Release|Any CPU
		{200FD3B5-9385-4CEE-8002-4BC3BB08C99A}.Release|Any CPU.Build.0 = Release|Any CPU
		{A1975701-8CC7-41F7-AFE1-0FB4777EB38A}.Debug|Any CPU.ActiveCfg = Debug|Any CPU
		{A1975701-8CC7-41F7-AFE1-0FB4777EB38A}.Debug|Any CPU.Build.0 = Debug|Any CPU
		{A1975701-8CC7-41F7-AFE1-0FB4777EB38A}.Release|Any CPU.ActiveCfg = Release|Any CPU
		{A1975701-8CC7-41F7-AFE1-0FB4777EB38A}.Release|Any CPU.Build.0 = Release|Any CPU
		{6A63672E-632D-4FD6-A550-8C5CA93C2930}.Debug|Any CPU.ActiveCfg = Debug|Any CPU
		{6A63672E-632D-4FD6-A550-8C5CA93C2930}.Debug|Any CPU.Build.0 = Debug|Any CPU
		{6A63672E-632D-4FD6-A550-8C5CA93C2930}.Release|Any CPU.ActiveCfg = Release|Any CPU
		{6A63672E-632D-4FD6-A550-8C5CA93C2930}.Release|Any CPU.Build.0 = Release|Any CPU
		{249BDC14-B3AA-4527-9DD2-8F79C97517D2}.Debug|Any CPU.ActiveCfg = Debug|Any CPU
		{249BDC14-B3AA-4527-9DD2-8F79C97517D2}.Debug|Any CPU.Build.0 = Debug|Any CPU
		{249BDC14-B3AA-4527-9DD2-8F79C97517D2}.Release|Any CPU.ActiveCfg = Release|Any CPU
		{249BDC14-B3AA-4527-9DD2-8F79C97517D2}.Release|Any CPU.Build.0 = Release|Any CPU
		{E9CA2259-576A-4661-8F0E-B31433678841}.Debug|Any CPU.ActiveCfg = Debug|Any CPU
		{E9CA2259-576A-4661-8F0E-B31433678841}.Debug|Any CPU.Build.0 = Debug|Any CPU
		{E9CA2259-576A-4661-8F0E-B31433678841}.Release|Any CPU.ActiveCfg = Release|Any CPU
		{E9CA2259-576A-4661-8F0E-B31433678841}.Release|Any CPU.Build.0 = Release|Any CPU
	EndGlobalSection
	GlobalSection(SolutionProperties) = preSolution
		HideSolutionNode = FALSE
	EndGlobalSection
EndGlobal
